{
  "name": "gui",
  "lockfileVersion": 3,
  "requires": true,
  "packages": {
    "": {
      "dependencies": {
        "furhat-gui": "^0.1.0"
      }
    },
    "node_modules/furhat-core": {
      "version": "0.2.0",
      "resolved": "https://registry.npmjs.org/furhat-core/-/furhat-core-0.2.0.tgz",
      "integrity": "sha512-FzHabkWOhxeoeaY73WeXZAj4eKdnL8tZhm/vfrLH+rjiKViaXWqRGuyECBJOWPaSRAyZBnDoPBHJDXIkqC75UA==",
      "license": "MIT",
      "engines": {
        "node": ">=6"
      }
    },
    "node_modules/furhat-gui": {
      "version": "0.1.0",
      "resolved": "https://registry.npmjs.org/furhat-gui/-/furhat-gui-0.1.0.tgz",
      "integrity": "sha512-xXmDLz2qCSSUdAqHHsY4E0WBESkiiUcbHeT8k/A17nH+1UZOl3lgtmPy2gN12nq9csD+M7p1maYYhagEdJgRZw==",
      "license": "MIT",
      "dependencies": {
        "furhat-core": "0.2.0"
      },
      "engines": {
        "node": ">=6"
      }
    }
  }
}
